// !$*UTF8*$!
{
	archiveVersion = 1;
	classes = {
	};
	objectVersion = 56;
	objects = {

/* Begin PBXBuildFile section */
		690FD22C2C4E9F5200A0BB78 /* OnboardingViewModel.swift in Sources */ = {isa = PBXBuildFile; fileRef = 690FD22B2C4E9F5200A0BB78 /* OnboardingViewModel.swift */; };
		690FD22E2C4EA1BD00A0BB78 /* OnboardingStep.swift in Sources */ = {isa = PBXBuildFile; fileRef = 690FD22D2C4EA1BD00A0BB78 /* OnboardingStep.swift */; };
		69A9E63E2C21038F000B738B /* PokedexApp.swift in Sources */ = {isa = PBXBuildFile; fileRef = 69A9E63D2C21038F000B738B /* PokedexApp.swift */; };
		69A9E6402C21038F000B738B /* ContentView.swift in Sources */ = {isa = PBXBuildFile; fileRef = 69A9E63F2C21038F000B738B /* ContentView.swift */; };
		69A9E6422C210391000B738B /* Assets.xcassets in Resources */ = {isa = PBXBuildFile; fileRef = 69A9E6412C210391000B738B /* Assets.xcassets */; };
		69A9E6452C210391000B738B /* Preview Assets.xcassets in Resources */ = {isa = PBXBuildFile; fileRef = 69A9E6442C210391000B738B /* Preview Assets.xcassets */; };
		69A9E64F2C210391000B738B /* PokedexTests.swift in Sources */ = {isa = PBXBuildFile; fileRef = 69A9E64E2C210391000B738B /* PokedexTests.swift */; };
		69A9E6592C210391000B738B /* PokedexUITests.swift in Sources */ = {isa = PBXBuildFile; fileRef = 69A9E6582C210391000B738B /* PokedexUITests.swift */; };
		69A9E65B2C210391000B738B /* PokedexUITestsLaunchTests.swift in Sources */ = {isa = PBXBuildFile; fileRef = 69A9E65A2C210391000B738B /* PokedexUITestsLaunchTests.swift */; };
		69A9E66E2C2A48A6000B738B /* OnboardingView.swift in Sources */ = {isa = PBXBuildFile; fileRef = 69A9E66D2C2A48A6000B738B /* OnboardingView.swift */; };
		69A9E6722C2A4F87000B738B /* Poppins-Medium.ttf in Resources */ = {isa = PBXBuildFile; fileRef = 69A9E6712C2A4F87000B738B /* Poppins-Medium.ttf */; };
		69A9E6742C2A4F9C000B738B /* Poppins-Bold.ttf in Resources */ = {isa = PBXBuildFile; fileRef = 69A9E6732C2A4F9C000B738B /* Poppins-Bold.ttf */; };
		69A9E6762C2A4FBF000B738B /* Poppins-Light.ttf in Resources */ = {isa = PBXBuildFile; fileRef = 69A9E6752C2A4FBF000B738B /* Poppins-Light.ttf */; };
		69A9E6792C2A4FCA000B738B /* Poppins-Regular.ttf in Resources */ = {isa = PBXBuildFile; fileRef = 69A9E6772C2A4FCA000B738B /* Poppins-Regular.ttf */; };
		69A9E67A2C2A4FCA000B738B /* Poppins-SemiBold.ttf in Resources */ = {isa = PBXBuildFile; fileRef = 69A9E6782C2A4FCA000B738B /* Poppins-SemiBold.ttf */; };
		69A9E67D2C2A5275000B738B /* MyColors.xcassets in Resources */ = {isa = PBXBuildFile; fileRef = 69A9E67C2C2A5274000B738B /* MyColors.xcassets */; };
/* End PBXBuildFile section */

/* Begin PBXContainerItemProxy section */
		69A9E64B2C210391000B738B /* PBXContainerItemProxy */ = {
			isa = PBXContainerItemProxy;
			containerPortal = 69A9E6322C21038F000B738B /* Project object */;
			proxyType = 1;
			remoteGlobalIDString = 69A9E6392C21038F000B738B;
			remoteInfo = Pokedex;
		};
		69A9E6552C210391000B738B /* PBXContainerItemProxy */ = {
			isa = PBXContainerItemProxy;
			containerPortal = 69A9E6322C21038F000B738B /* Project object */;
			proxyType = 1;
			remoteGlobalIDString = 69A9E6392C21038F000B738B;
			remoteInfo = Pokedex;
		};
/* End PBXContainerItemProxy section */

/* Begin PBXFileReference section */
		690FD22B2C4E9F5200A0BB78 /* OnboardingViewModel.swift */ = {isa = PBXFileReference; lastKnownFileType = sourcecode.swift; path = OnboardingViewModel.swift; sourceTree = "<group>"; };
		690FD22D2C4EA1BD00A0BB78 /* OnboardingStep.swift */ = {isa = PBXFileReference; lastKnownFileType = sourcecode.swift; path = OnboardingStep.swift; sourceTree = "<group>"; };
		69A9E63A2C21038F000B738B /* Pokedex.app */ = {isa = PBXFileReference; explicitFileType = wrapper.application; includeInIndex = 0; path = Pokedex.app; sourceTree = BUILT_PRODUCTS_DIR; };
		69A9E63D2C21038F000B738B /* PokedexApp.swift */ = {isa = PBXFileReference; lastKnownFileType = sourcecode.swift; path = PokedexApp.swift; sourceTree = "<group>"; };
		69A9E63F2C21038F000B738B /* ContentView.swift */ = {isa = PBXFileReference; lastKnownFileType = sourcecode.swift; path = ContentView.swift; sourceTree = "<group>"; };
		69A9E6412C210391000B738B /* Assets.xcassets */ = {isa = PBXFileReference; lastKnownFileType = folder.assetcatalog; path = Assets.xcassets; sourceTree = "<group>"; };
		69A9E6442C210391000B738B /* Preview Assets.xcassets */ = {isa = PBXFileReference; lastKnownFileType = folder.assetcatalog; path = "Preview Assets.xcassets"; sourceTree = "<group>"; };
		69A9E64A2C210391000B738B /* PokedexTests.xctest */ = {isa = PBXFileReference; explicitFileType = wrapper.cfbundle; includeInIndex = 0; path = PokedexTests.xctest; sourceTree = BUILT_PRODUCTS_DIR; };
		69A9E64E2C210391000B738B /* PokedexTests.swift */ = {isa = PBXFileReference; lastKnownFileType = sourcecode.swift; path = PokedexTests.swift; sourceTree = "<group>"; };
		69A9E6542C210391000B738B /* PokedexUITests.xctest */ = {isa = PBXFileReference; explicitFileType = wrapper.cfbundle; includeInIndex = 0; path = PokedexUITests.xctest; sourceTree = BUILT_PRODUCTS_DIR; };
		69A9E6582C210391000B738B /* PokedexUITests.swift */ = {isa = PBXFileReference; lastKnownFileType = sourcecode.swift; path = PokedexUITests.swift; sourceTree = "<group>"; };
		69A9E65A2C210391000B738B /* PokedexUITestsLaunchTests.swift */ = {isa = PBXFileReference; lastKnownFileType = sourcecode.swift; path = PokedexUITestsLaunchTests.swift; sourceTree = "<group>"; };
		69A9E66D2C2A48A6000B738B /* OnboardingView.swift */ = {isa = PBXFileReference; lastKnownFileType = sourcecode.swift; path = OnboardingView.swift; sourceTree = "<group>"; };
		69A9E6712C2A4F87000B738B /* Poppins-Medium.ttf */ = {isa = PBXFileReference; lastKnownFileType = file; path = "Poppins-Medium.ttf"; sourceTree = "<group>"; };
		69A9E6732C2A4F9C000B738B /* Poppins-Bold.ttf */ = {isa = PBXFileReference; lastKnownFileType = file; path = "Poppins-Bold.ttf"; sourceTree = "<group>"; };
		69A9E6752C2A4FBF000B738B /* Poppins-Light.ttf */ = {isa = PBXFileReference; lastKnownFileType = file; path = "Poppins-Light.ttf"; sourceTree = "<group>"; };
		69A9E6772C2A4FCA000B738B /* Poppins-Regular.ttf */ = {isa = PBXFileReference; lastKnownFileType = file; path = "Poppins-Regular.ttf"; sourceTree = "<group>"; };
		69A9E6782C2A4FCA000B738B /* Poppins-SemiBold.ttf */ = {isa = PBXFileReference; lastKnownFileType = file; path = "Poppins-SemiBold.ttf"; sourceTree = "<group>"; };
		69A9E67B2C2A4FF1000B738B /* Info.plist */ = {isa = PBXFileReference; lastKnownFileType = text.plist; path = Info.plist; sourceTree = "<group>"; };
		69A9E67C2C2A5274000B738B /* MyColors.xcassets */ = {isa = PBXFileReference; lastKnownFileType = folder.assetcatalog; path = MyColors.xcassets; sourceTree = "<group>"; };
/* End PBXFileReference section */

/* Begin PBXFrameworksBuildPhase section */
		69A9E6372C21038F000B738B /* Frameworks */ = {
			isa = PBXFrameworksBuildPhase;
			buildActionMask = 2147483647;
			files = (
			);
			runOnlyForDeploymentPostprocessing = 0;
		};
		69A9E6472C210391000B738B /* Frameworks */ = {
			isa = PBXFrameworksBuildPhase;
			buildActionMask = 2147483647;
			files = (
			);
			runOnlyForDeploymentPostprocessing = 0;
		};
		69A9E6512C210391000B738B /* Frameworks */ = {
			isa = PBXFrameworksBuildPhase;
			buildActionMask = 2147483647;
			files = (
			);
			runOnlyForDeploymentPostprocessing = 0;
		};
/* End PBXFrameworksBuildPhase section */

/* Begin PBXGroup section */
		69A9E6312C21038F000B738B = {
			isa = PBXGroup;
			children = (
				69A9E63C2C21038F000B738B /* Pokedex */,
				69A9E64D2C210391000B738B /* PokedexTests */,
				69A9E6572C210391000B738B /* PokedexUITests */,
				69A9E63B2C21038F000B738B /* Products */,
			);
			sourceTree = "<group>";
		};
		69A9E63B2C21038F000B738B /* Products */ = {
			isa = PBXGroup;
			children = (
				69A9E63A2C21038F000B738B /* Pokedex.app */,
				69A9E64A2C210391000B738B /* PokedexTests.xctest */,
				69A9E6542C210391000B738B /* PokedexUITests.xctest */,
			);
			name = Products;
			sourceTree = "<group>";
		};
		69A9E63C2C21038F000B738B /* Pokedex */ = {
			isa = PBXGroup;
			children = (
				69A9E67B2C2A4FF1000B738B /* Info.plist */,
				69A9E66F2C2A4F2C000B738B /* Utils */,
				69A9E6672C2103C8000B738B /* Onboarding */,
				69A9E63D2C21038F000B738B /* PokedexApp.swift */,
				69A9E63F2C21038F000B738B /* ContentView.swift */,
				69A9E6432C210391000B738B /* Preview Content */,
			);
			path = Pokedex;
			sourceTree = "<group>";
		};
		69A9E6432C210391000B738B /* Preview Content */ = {
			isa = PBXGroup;
			children = (
				69A9E6442C210391000B738B /* Preview Assets.xcassets */,
			);
			path = "Preview Content";
			sourceTree = "<group>";
		};
		69A9E64D2C210391000B738B /* PokedexTests */ = {
			isa = PBXGroup;
			children = (
				69A9E64E2C210391000B738B /* PokedexTests.swift */,
			);
			path = PokedexTests;
			sourceTree = "<group>";
		};
		69A9E6572C210391000B738B /* PokedexUITests */ = {
			isa = PBXGroup;
			children = (
				69A9E6582C210391000B738B /* PokedexUITests.swift */,
				69A9E65A2C210391000B738B /* PokedexUITestsLaunchTests.swift */,
			);
			path = PokedexUITests;
			sourceTree = "<group>";
		};
		69A9E6672C2103C8000B738B /* Onboarding */ = {
			isa = PBXGroup;
			children = (
				69A9E66A2C2A486B000B738B /* ViewModel */,
				69A9E6692C2A4861000B738B /* Model */,
				69A9E6682C2A4859000B738B /* View */,
			);
			path = Onboarding;
			sourceTree = "<group>";
		};
		69A9E6682C2A4859000B738B /* View */ = {
			isa = PBXGroup;
			children = (
				69A9E66D2C2A48A6000B738B /* OnboardingView.swift */,
			);
			path = View;
			sourceTree = "<group>";
		};
		69A9E6692C2A4861000B738B /* Model */ = {
			isa = PBXGroup;
			children = (
				690FD22D2C4EA1BD00A0BB78 /* OnboardingStep.swift */,
			);
			path = Model;
			sourceTree = "<group>";
		};
		69A9E66A2C2A486B000B738B /* ViewModel */ = {
			isa = PBXGroup;
			children = (
				690FD22B2C4E9F5200A0BB78 /* OnboardingViewModel.swift */,
			);
			path = ViewModel;
			sourceTree = "<group>";
		};
		69A9E66F2C2A4F2C000B738B /* Utils */ = {
			isa = PBXGroup;
			children = (
				69A9E6702C2A4F37000B738B /* Fonts */,
				69A9E6412C210391000B738B /* Assets.xcassets */,
				69A9E67C2C2A5274000B738B /* MyColors.xcassets */,
			);
			path = Utils;
			sourceTree = "<group>";
		};
		69A9E6702C2A4F37000B738B /* Fonts */ = {
			isa = PBXGroup;
			children = (
				69A9E6772C2A4FCA000B738B /* Poppins-Regular.ttf */,
				69A9E6782C2A4FCA000B738B /* Poppins-SemiBold.ttf */,
				69A9E6752C2A4FBF000B738B /* Poppins-Light.ttf */,
				69A9E6732C2A4F9C000B738B /* Poppins-Bold.ttf */,
				69A9E6712C2A4F87000B738B /* Poppins-Medium.ttf */,
			);
			path = Fonts;
			sourceTree = "<group>";
		};
/* End PBXGroup section */

/* Begin PBXNativeTarget section */
		69A9E6392C21038F000B738B /* Pokedex */ = {
			isa = PBXNativeTarget;
			buildConfigurationList = 69A9E65E2C210391000B738B /* Build configuration list for PBXNativeTarget "Pokedex" */;
			buildPhases = (
				69A9E6362C21038F000B738B /* Sources */,
				69A9E6372C21038F000B738B /* Frameworks */,
				69A9E6382C21038F000B738B /* Resources */,
			);
			buildRules = (
			);
			dependencies = (
			);
			name = Pokedex;
			productName = Pokedex;
			productReference = 69A9E63A2C21038F000B738B /* Pokedex.app */;
			productType = "com.apple.product-type.application";
		};
		69A9E6492C210391000B738B /* PokedexTests */ = {
			isa = PBXNativeTarget;
			buildConfigurationList = 69A9E6612C210391000B738B /* Build configuration list for PBXNativeTarget "PokedexTests" */;
			buildPhases = (
				69A9E6462C210391000B738B /* Sources */,
				69A9E6472C210391000B738B /* Frameworks */,
				69A9E6482C210391000B738B /* Resources */,
			);
			buildRules = (
			);
			dependencies = (
				69A9E64C2C210391000B738B /* PBXTargetDependency */,
			);
			name = PokedexTests;
			productName = PokedexTests;
			productReference = 69A9E64A2C210391000B738B /* PokedexTests.xctest */;
			productType = "com.apple.product-type.bundle.unit-test";
		};
		69A9E6532C210391000B738B /* PokedexUITests */ = {
			isa = PBXNativeTarget;
			buildConfigurationList = 69A9E6642C210391000B738B /* Build configuration list for PBXNativeTarget "PokedexUITests" */;
			buildPhases = (
				69A9E6502C210391000B738B /* Sources */,
				69A9E6512C210391000B738B /* Frameworks */,
				69A9E6522C210391000B738B /* Resources */,
			);
			buildRules = (
			);
			dependencies = (
				69A9E6562C210391000B738B /* PBXTargetDependency */,
			);
			name = PokedexUITests;
			productName = PokedexUITests;
			productReference = 69A9E6542C210391000B738B /* PokedexUITests.xctest */;
			productType = "com.apple.product-type.bundle.ui-testing";
		};
/* End PBXNativeTarget section */

/* Begin PBXProject section */
		69A9E6322C21038F000B738B /* Project object */ = {
			isa = PBXProject;
			attributes = {
				BuildIndependentTargetsInParallel = 1;
				LastSwiftUpdateCheck = 1540;
				LastUpgradeCheck = 1540;
				TargetAttributes = {
					69A9E6392C21038F000B738B = {
						CreatedOnToolsVersion = 15.4;
					};
					69A9E6492C210391000B738B = {
						CreatedOnToolsVersion = 15.4;
						TestTargetID = 69A9E6392C21038F000B738B;
					};
					69A9E6532C210391000B738B = {
						CreatedOnToolsVersion = 15.4;
						TestTargetID = 69A9E6392C21038F000B738B;
					};
				};
			};
			buildConfigurationList = 69A9E6352C21038F000B738B /* Build configuration list for PBXProject "Pokedex" */;
			compatibilityVersion = "Xcode 14.0";
			developmentRegion = en;
			hasScannedForEncodings = 0;
			knownRegions = (
				en,
				Base,
			);
			mainGroup = 69A9E6312C21038F000B738B;
			productRefGroup = 69A9E63B2C21038F000B738B /* Products */;
			projectDirPath = "";
			projectRoot = "";
			targets = (
				69A9E6392C21038F000B738B /* Pokedex */,
				69A9E6492C210391000B738B /* PokedexTests */,
				69A9E6532C210391000B738B /* PokedexUITests */,
			);
		};
/* End PBXProject section */

/* Begin PBXResourcesBuildPhase section */
		69A9E6382C21038F000B738B /* Resources */ = {
			isa = PBXResourcesBuildPhase;
			buildActionMask = 2147483647;
			files = (
				69A9E6722C2A4F87000B738B /* Poppins-Medium.ttf in Resources */,
				69A9E67A2C2A4FCA000B738B /* Poppins-SemiBold.ttf in Resources */,
				69A9E6762C2A4FBF000B738B /* Poppins-Light.ttf in Resources */,
				69A9E6452C210391000B738B /* Preview Assets.xcassets in Resources */,
				69A9E6792C2A4FCA000B738B /* Poppins-Regular.ttf in Resources */,
				69A9E67D2C2A5275000B738B /* MyColors.xcassets in Resources */,
				69A9E6422C210391000B738B /* Assets.xcassets in Resources */,
				69A9E6742C2A4F9C000B738B /* Poppins-Bold.ttf in Resources */,
			);
			runOnlyForDeploymentPostprocessing = 0;
		};
		69A9E6482C210391000B738B /* Resources */ = {
			isa = PBXResourcesBuildPhase;
			buildActionMask = 2147483647;
			files = (
			);
			runOnlyForDeploymentPostprocessing = 0;
		};
		69A9E6522C210391000B738B /* Resources */ = {
			isa = PBXResourcesBuildPhase;
			buildActionMask = 2147483647;
			files = (
			);
			runOnlyForDeploymentPostprocessing = 0;
		};
/* End PBXResourcesBuildPhase section */

/* Begin PBXSourcesBuildPhase section */
		69A9E6362C21038F000B738B /* Sources */ = {
			isa = PBXSourcesBuildPhase;
			buildActionMask = 2147483647;
			files = (
				69A9E66E2C2A48A6000B738B /* OnboardingView.swift in Sources */,
				69A9E6402C21038F000B738B /* ContentView.swift in Sources */,
				69A9E63E2C21038F000B738B /* PokedexApp.swift in Sources */,
				690FD22E2C4EA1BD00A0BB78 /* OnboardingStep.swift in Sources */,
				690FD22C2C4E9F5200A0BB78 /* OnboardingViewModel.swift in Sources */,
			);
			runOnlyForDeploymentPostprocessing = 0;
		};
		69A9E6462C210391000B738B /* Sources */ = {
			isa = PBXSourcesBuildPhase;
			buildActionMask = 2147483647;
			files = (
				69A9E64F2C210391000B738B /* PokedexTests.swift in Sources */,
			);
			runOnlyForDeploymentPostprocessing = 0;
		};
		69A9E6502C210391000B738B /* Sources */ = {
			isa = PBXSourcesBuildPhase;
			buildActionMask = 2147483647;
			files = (
				69A9E6592C210391000B738B /* PokedexUITests.swift in Sources */,
				69A9E65B2C210391000B738B /* PokedexUITestsLaunchTests.swift in Sources */,
			);
			runOnlyForDeploymentPostprocessing = 0;
		};
/* End PBXSourcesBuildPhase section */

/* Begin PBXTargetDependency section */
		69A9E64C2C210391000B738B /* PBXTargetDependency */ = {
			isa = PBXTargetDependency;
			target = 69A9E6392C21038F000B738B /* Pokedex */;
			targetProxy = 69A9E64B2C210391000B738B /* PBXContainerItemProxy */;
		};
		69A9E6562C210391000B738B /* PBXTargetDependency */ = {
			isa = PBXTargetDependency;
			target = 69A9E6392C21038F000B738B /* Pokedex */;
			targetProxy = 69A9E6552C210391000B738B /* PBXContainerItemProxy */;
		};
/* End PBXTargetDependency section */

/* Begin XCBuildConfiguration section */
		69A9E65C2C210391000B738B /* Debug */ = {
			isa = XCBuildConfiguration;
			buildSettings = {
				ALWAYS_SEARCH_USER_PATHS = NO;
				ASSETCATALOG_COMPILER_GENERATE_SWIFT_ASSET_SYMBOL_EXTENSIONS = YES;
				CLANG_ANALYZER_NONNULL = YES;
				CLANG_ANALYZER_NUMBER_OBJECT_CONVERSION = YES_AGGRESSIVE;
				CLANG_CXX_LANGUAGE_STANDARD = "gnu++20";
				CLANG_ENABLE_MODULES = YES;
				CLANG_ENABLE_OBJC_ARC = YES;
				CLANG_ENABLE_OBJC_WEAK = YES;
				CLANG_WARN_BLOCK_CAPTURE_AUTORELEASING = YES;
				CLANG_WARN_BOOL_CONVERSION = YES;
				CLANG_WARN_COMMA = YES;
				CLANG_WARN_CONSTANT_CONVERSION = YES;
				CLANG_WARN_DEPRECATED_OBJC_IMPLEMENTATIONS = YES;
				CLANG_WARN_DIRECT_OBJC_ISA_USAGE = YES_ERROR;
				CLANG_WARN_DOCUMENTATION_COMMENTS = YES;
				CLANG_WARN_EMPTY_BODY = YES;
				CLANG_WARN_ENUM_CONVERSION = YES;
				CLANG_WARN_INFINITE_RECURSION = YES;
				CLANG_WARN_INT_CONVERSION = YES;
				CLANG_WARN_NON_LITERAL_NULL_CONVERSION = YES;
				CLANG_WARN_OBJC_IMPLICIT_RETAIN_SELF = YES;
				CLANG_WARN_OBJC_LITERAL_CONVERSION = YES;
				CLANG_WARN_OBJC_ROOT_CLASS = YES_ERROR;
				CLANG_WARN_QUOTED_INCLUDE_IN_FRAMEWORK_HEADER = YES;
				CLANG_WARN_RANGE_LOOP_ANALYSIS = YES;
				CLANG_WARN_STRICT_PROTOTYPES = YES;
				CLANG_WARN_SUSPICIOUS_MOVE = YES;
				CLANG_WARN_UNGUARDED_AVAILABILITY = YES_AGGRESSIVE;
				CLANG_WARN_UNREACHABLE_CODE = YES;
				CLANG_WARN__DUPLICATE_METHOD_MATCH = YES;
				COPY_PHASE_STRIP = NO;
				DEBUG_INFORMATION_FORMAT = dwarf;
				ENABLE_STRICT_OBJC_MSGSEND = YES;
				ENABLE_TESTABILITY = YES;
				ENABLE_USER_SCRIPT_SANDBOXING = YES;
				GCC_C_LANGUAGE_STANDARD = gnu17;
				GCC_DYNAMIC_NO_PIC = NO;
				GCC_NO_COMMON_BLOCKS = YES;
				GCC_OPTIMIZATION_LEVEL = 0;
				GCC_PREPROCESSOR_DEFINITIONS = (
					"DEBUG=1",
					"$(inherited)",
				);
				GCC_WARN_64_TO_32_BIT_CONVERSION = YES;
				GCC_WARN_ABOUT_RETURN_TYPE = YES_ERROR;
				GCC_WARN_UNDECLARED_SELECTOR = YES;
				GCC_WARN_UNINITIALIZED_AUTOS = YES_AGGRESSIVE;
				GCC_WARN_UNUSED_FUNCTION = YES;
				GCC_WARN_UNUSED_VARIABLE = YES;
				IPHONEOS_DEPLOYMENT_TARGET = 17.5;
				LOCALIZATION_PREFERS_STRING_CATALOGS = YES;
				MTL_ENABLE_DEBUG_INFO = INCLUDE_SOURCE;
				MTL_FAST_MATH = YES;
				ONLY_ACTIVE_ARCH = YES;
				SDKROOT = iphoneos;
				SWIFT_ACTIVE_COMPILATION_CONDITIONS = "DEBUG $(inherited)";
				SWIFT_OPTIMIZATION_LEVEL = "-Onone";
			};
			name = Debug;
		};
		69A9E65D2C210391000B738B /* Release */ = {
			isa = XCBuildConfiguration;
			buildSettings = {
				ALWAYS_SEARCH_USER_PATHS = NO;
				ASSETCATALOG_COMPILER_GENERATE_SWIFT_ASSET_SYMBOL_EXTENSIONS = YES;
				CLANG_ANALYZER_NONNULL = YES;
				CLANG_ANALYZER_NUMBER_OBJECT_CONVERSION = YES_AGGRESSIVE;
				CLANG_CXX_LANGUAGE_STANDARD = "gnu++20";
				CLANG_ENABLE_MODULES = YES;
				CLANG_ENABLE_OBJC_ARC = YES;
				CLANG_ENABLE_OBJC_WEAK = YES;
				CLANG_WARN_BLOCK_CAPTURE_AUTORELEASING = YES;
				CLANG_WARN_BOOL_CONVERSION = YES;
				CLANG_WARN_COMMA = YES;
				CLANG_WARN_CONSTANT_CONVERSION = YES;
				CLANG_WARN_DEPRECATED_OBJC_IMPLEMENTATIONS = YES;
				CLANG_WARN_DIRECT_OBJC_ISA_USAGE = YES_ERROR;
				CLANG_WARN_DOCUMENTATION_COMMENTS = YES;
				CLANG_WARN_EMPTY_BODY = YES;
				CLANG_WARN_ENUM_CONVERSION = YES;
				CLANG_WARN_INFINITE_RECURSION = YES;
				CLANG_WARN_INT_CONVERSION = YES;
				CLANG_WARN_NON_LITERAL_NULL_CONVERSION = YES;
				CLANG_WARN_OBJC_IMPLICIT_RETAIN_SELF = YES;
				CLANG_WARN_OBJC_LITERAL_CONVERSION = YES;
				CLANG_WARN_OBJC_ROOT_CLASS = YES_ERROR;
				CLANG_WARN_QUOTED_INCLUDE_IN_FRAMEWORK_HEADER = YES;
				CLANG_WARN_RANGE_LOOP_ANALYSIS = YES;
				CLANG_WARN_STRICT_PROTOTYPES = YES;
				CLANG_WARN_SUSPICIOUS_MOVE = YES;
				CLANG_WARN_UNGUARDED_AVAILABILITY = YES_AGGRESSIVE;
				CLANG_WARN_UNREACHABLE_CODE = YES;
				CLANG_WARN__DUPLICATE_METHOD_MATCH = YES;
				COPY_PHASE_STRIP = NO;
				DEBUG_INFORMATION_FORMAT = "dwarf-with-dsym";
				ENABLE_NS_ASSERTIONS = NO;
				ENABLE_STRICT_OBJC_MSGSEND = YES;
				ENABLE_USER_SCRIPT_SANDBOXING = YES;
				GCC_C_LANGUAGE_STANDARD = gnu17;
				GCC_NO_COMMON_BLOCKS = YES;
				GCC_WARN_64_TO_32_BIT_CONVERSION = YES;
				GCC_WARN_ABOUT_RETURN_TYPE = YES_ERROR;
				GCC_WARN_UNDECLARED_SELECTOR = YES;
				GCC_WARN_UNINITIALIZED_AUTOS = YES_AGGRESSIVE;
				GCC_WARN_UNUSED_FUNCTION = YES;
				GCC_WARN_UNUSED_VARIABLE = YES;
				IPHONEOS_DEPLOYMENT_TARGET = 17.5;
				LOCALIZATION_PREFERS_STRING_CATALOGS = YES;
				MTL_ENABLE_DEBUG_INFO = NO;
				MTL_FAST_MATH = YES;
				SDKROOT = iphoneos;
				SWIFT_COMPILATION_MODE = wholemodule;
				VALIDATE_PRODUCT = YES;
			};
			name = Release;
		};
		69A9E65F2C210391000B738B /* Debug */ = {
			isa = XCBuildConfiguration;
			buildSettings = {
				ASSETCATALOG_COMPILER_APPICON_NAME = AppIcon;
				ASSETCATALOG_COMPILER_GLOBAL_ACCENT_COLOR_NAME = AccentColor;
				CODE_SIGN_STYLE = Automatic;
				CURRENT_PROJECT_VERSION = 1;
				DEVELOPMENT_ASSET_PATHS = "\"Pokedex/Preview Content\"";
				DEVELOPMENT_TEAM = 39AJ27VU38;
				ENABLE_PREVIEWS = YES;
				GENERATE_INFOPLIST_FILE = YES;
				INFOPLIST_FILE = Pokedex/Info.plist;
				INFOPLIST_KEY_UIApplicationSceneManifest_Generation = YES;
				INFOPLIST_KEY_UIApplicationSupportsIndirectInputEvents = YES;
				INFOPLIST_KEY_UILaunchScreen_Generation = YES;
				INFOPLIST_KEY_UISupportedInterfaceOrientations_iPad = "UIInterfaceOrientationPortrait UIInterfaceOrientationPortraitUpsideDown UIInterfaceOrientationLandscapeLeft UIInterfaceOrientationLandscapeRight";
				INFOPLIST_KEY_UISupportedInterfaceOrientations_iPhone = "UIInterfaceOrientationPortrait UIInterfaceOrientationLandscapeLeft UIInterfaceOrientationLandscapeRight";
				LD_RUNPATH_SEARCH_PATHS = (
					"$(inherited)",
					"@executable_path/Frameworks",
				);
				MARKETING_VERSION = 1.0;
				PRODUCT_BUNDLE_IDENTIFIER = "com.elisakalil.apple-samplecode-landmarks.Pokedex";
				PRODUCT_NAME = "$(TARGET_NAME)";
				SWIFT_EMIT_LOC_STRINGS = YES;
				SWIFT_VERSION = 5.0;
				TARGETED_DEVICE_FAMILY = "1,2";
			};
			name = Debug;
		};
		69A9E6602C210391000B738B /* Release */ = {
			isa = XCBuildConfiguration;
			buildSettings = {
				ASSETCATALOG_COMPILER_APPICON_NAME = AppIcon;
				ASSETCATALOG_COMPILER_GLOBAL_ACCENT_COLOR_NAME = AccentColor;
				CODE_SIGN_STYLE = Automatic;
				CURRENT_PROJECT_VERSION = 1;
				DEVELOPMENT_ASSET_PATHS = "\"Pokedex/Preview Content\"";
				DEVELOPMENT_TEAM = 39AJ27VU38;
				ENABLE_PREVIEWS = YES;
				GENERATE_INFOPLIST_FILE = YES;
				INFOPLIST_FILE = Pokedex/Info.plist;
				INFOPLIST_KEY_UIApplicationSceneManifest_Generation = YES;
				INFOPLIST_KEY_UIApplicationSupportsIndirectInputEvents = YES;
				INFOPLIST_KEY_UILaunchScreen_Generation = YES;
				INFOPLIST_KEY_UISupportedInterfaceOrientations_iPad = "UIInterfaceOrientationPortrait UIInterfaceOrientationPortraitUpsideDown UIInterfaceOrientationLandscapeLeft UIInterfaceOrientationLandscapeRight";
				INFOPLIST_KEY_UISupportedInterfaceOrientations_iPhone = "UIInterfaceOrientationPortrait UIInterfaceOrientationLandscapeLeft UIInterfaceOrientationLandscapeRight";
				LD_RUNPATH_SEARCH_PATHS = (
					"$(inherited)",
					"@executable_path/Frameworks",
				);
				MARKETING_VERSION = 1.0;
				PRODUCT_BUNDLE_IDENTIFIER = "com.elisakalil.apple-samplecode-landmarks.Pokedex";
				PRODUCT_NAME = "$(TARGET_NAME)";
				SWIFT_EMIT_LOC_STRINGS = YES;
				SWIFT_VERSION = 5.0;
				TARGETED_DEVICE_FAMILY = "1,2";
			};
			name = Release;
		};
		69A9E6622C210391000B738B /* Debug */ = {
			isa = XCBuildConfiguration;
			buildSettings = {
				ALWAYS_EMBED_SWIFT_STANDARD_LIBRARIES = YES;
				BUNDLE_LOADER = "$(TEST_HOST)";
				CODE_SIGN_STYLE = Automatic;
				CURRENT_PROJECT_VERSION = 1;
				DEVELOPMENT_TEAM = 39AJ27VU38;
				GENERATE_INFOPLIST_FILE = YES;
				IPHONEOS_DEPLOYMENT_TARGET = 17.5;
				MARKETING_VERSION = 1.0;
				PRODUCT_BUNDLE_IDENTIFIER = "com.elisakalil.apple-samplecode-landmarks.PokedexTests";
				PRODUCT_NAME = "$(TARGET_NAME)";
				SWIFT_EMIT_LOC_STRINGS = NO;
				SWIFT_VERSION = 5.0;
				TARGETED_DEVICE_FAMILY = "1,2";
				TEST_HOST = "$(BUILT_PRODUCTS_DIR)/Pokedex.app/$(BUNDLE_EXECUTABLE_FOLDER_PATH)/Pokedex";
			};
			name = Debug;
		};
		69A9E6632C210391000B738B /* Release */ = {
			isa = XCBuildConfiguration;
			buildSettings = {
				ALWAYS_EMBED_SWIFT_STANDARD_LIBRARIES = YES;
				BUNDLE_LOADER = "$(TEST_HOST)";
				CODE_SIGN_STYLE = Automatic;
				CURRENT_PROJECT_VERSION = 1;
				DEVELOPMENT_TEAM = 39AJ27VU38;
				GENERATE_INFOPLIST_FILE = YES;
				IPHONEOS_DEPLOYMENT_TARGET = 17.5;
				MARKETING_VERSION = 1.0;
				PRODUCT_BUNDLE_IDENTIFIER = "com.elisakalil.apple-samplecode-landmarks.PokedexTests";
				PRODUCT_NAME = "$(TARGET_NAME)";
				SWIFT_EMIT_LOC_STRINGS = NO;
				SWIFT_VERSION = 5.0;
				TARGETED_DEVICE_FAMILY = "1,2";
				TEST_HOST = "$(BUILT_PRODUCTS_DIR)/Pokedex.app/$(BUNDLE_EXECUTABLE_FOLDER_PATH)/Pokedex";
			};
			name = Release;
		};
		69A9E6652C210391000B738B /* Debug */ = {
			isa = XCBuildConfiguration;
			buildSettings = {
				ALWAYS_EMBED_SWIFT_STANDARD_LIBRARIES = YES;
				CODE_SIGN_STYLE = Automatic;
				CURRENT_PROJECT_VERSION = 1;
				DEVELOPMENT_TEAM = 39AJ27VU38;
				GENERATE_INFOPLIST_FILE = YES;
				MARKETING_VERSION = 1.0;
				PRODUCT_BUNDLE_IDENTIFIER = "com.elisakalil.apple-samplecode-landmarks.PokedexUITests";
				PRODUCT_NAME = "$(TARGET_NAME)";
				SWIFT_EMIT_LOC_STRINGS = NO;
				SWIFT_VERSION = 5.0;
				TARGETED_DEVICE_FAMILY = "1,2";
				TEST_TARGET_NAME = Pokedex;
			};
			name = Debug;
		};
		69A9E6662C210391000B738B /* Release */ = {
			isa = XCBuildConfiguration;
			buildSettings = {
				ALWAYS_EMBED_SWIFT_STANDARD_LIBRARIES = YES;
				CODE_SIGN_STYLE = Automatic;
				CURRENT_PROJECT_VERSION = 1;
				DEVELOPMENT_TEAM = 39AJ27VU38;
				GENERATE_INFOPLIST_FILE = YES;
				MARKETING_VERSION = 1.0;
				PRODUCT_BUNDLE_IDENTIFIER = "com.elisakalil.apple-samplecode-landmarks.PokedexUITests";
				PRODUCT_NAME = "$(TARGET_NAME)";
				SWIFT_EMIT_LOC_STRINGS = NO;
				SWIFT_VERSION = 5.0;
				TARGETED_DEVICE_FAMILY = "1,2";
				TEST_TARGET_NAME = Pokedex;
			};
			name = Release;
		};
/* End XCBuildConfiguration section */

/* Begin XCConfigurationList section */
		69A9E6352C21038F000B738B /* Build configuration list for PBXProject "Pokedex" */ = {
			isa = XCConfigurationList;
			buildConfigurations = (
				69A9E65C2C210391000B738B /* Debug */,
				69A9E65D2C210391000B738B /* Release */,
			);
			defaultConfigurationIsVisible = 0;
			defaultConfigurationName = Release;
		};
		69A9E65E2C210391000B738B /* Build configuration list for PBXNativeTarget "Pokedex" */ = {
			isa = XCConfigurationList;
			buildConfigurations = (
				69A9E65F2C210391000B738B /* Debug */,
				69A9E6602C210391000B738B /* Release */,
			);
			defaultConfigurationIsVisible = 0;
			defaultConfigurationName = Release;
		};
		69A9E6612C210391000B738B /* Build configuration list for PBXNativeTarget "PokedexTests" */ = {
			isa = XCConfigurationList;
			buildConfigurations = (
				69A9E6622C210391000B738B /* Debug */,
				69A9E6632C210391000B738B /* Release */,
			);
			defaultConfigurationIsVisible = 0;
			defaultConfigurationName = Release;
		};
		69A9E6642C210391000B738B /* Build configuration list for PBXNativeTarget "PokedexUITests" */ = {
			isa = XCConfigurationList;
			buildConfigurations = (
				69A9E6652C210391000B738B /* Debug */,
				69A9E6662C210391000B738B /* Release */,
			);
			defaultConfigurationIsVisible = 0;
			defaultConfigurationName = Release;
		};
/* End XCConfigurationList section */
	};
	rootObject = 69A9E6322C21038F000B738B /* Project object */;
}
